// !$*UTF8*$!
{
	archiveVersion = 1;
	classes = {
	};
	objectVersion = 50;
	objects = {

/* Begin PBXBuildFile section */
		D858314022F81C54002FB43D /* OdinSocialDingTalkHandler.m in Sources */ = {isa = PBXBuildFile; fileRef = D858313F22F81C54002FB43D /* OdinSocialDingTalkHandler.m */; };
		D858314122F81C54002FB43D /* OdinSocialDingTalkHandler.h in CopyFiles */ = {isa = PBXBuildFile; fileRef = D858313E22F81C54002FB43D /* OdinSocialDingTalkHandler.h */; };
		D858314922F81CC9002FB43D /* DTShareKit.framework in Frameworks */ = {isa = PBXBuildFile; fileRef = D858314822F81CC9002FB43D /* DTShareKit.framework */; };
/* End PBXBuildFile section */

/* Begin PBXCopyFilesBuildPhase section */
		D858313922F81C54002FB43D /* CopyFiles */ = {
			isa = PBXCopyFilesBuildPhase;
			buildActionMask = 2147483647;
			dstPath = "include/$(PRODUCT_NAME)";
			dstSubfolderSpec = 16;
			files = (
				D858314122F81C54002FB43D /* OdinSocialDingTalkHandler.h in CopyFiles */,
			);
			runOnlyForDeploymentPostprocessing = 0;
		};
/* End PBXCopyFilesBuildPhase section */

/* Begin PBXFileReference section */
		D858313B22F81C54002FB43D /* libSocialDingTalk.a */ = {isa = PBXFileReference; explicitFileType = archive.ar; includeInIndex = 0; path = libSocialDingTalk.a; sourceTree = BUILT_PRODUCTS_DIR; };
		D858313E22F81C54002FB43D /* OdinSocialDingTalkHandler.h */ = {isa = PBXFileReference; lastKnownFileType = sourcecode.c.h; path = OdinSocialDingTalkHandler.h; sourceTree = "<group>"; };
		D858313F22F81C54002FB43D /* OdinSocialDingTalkHandler.m */ = {isa = PBXFileReference; lastKnownFileType = sourcecode.c.objc; path = OdinSocialDingTalkHandler.m; sourceTree = "<group>"; };
		D858314822F81CC9002FB43D /* DTShareKit.framework */ = {isa = PBXFileReference; lastKnownFileType = wrapper.framework; path = DTShareKit.framework; sourceTree = "<group>"; };
		D858314B22F81CE8002FB43D /* OdinShareSDK.framework */ = {isa = PBXFileReference; explicitFileType = wrapper.framework; path = OdinShareSDK.framework; sourceTree = BUILT_PRODUCTS_DIR; };
/* End PBXFileReference section */

/* Begin PBXFrameworksBuildPhase section */
		D858313822F81C54002FB43D /* Frameworks */ = {
			isa = PBXFrameworksBuildPhase;
			buildActionMask = 2147483647;
			files = (
				D858314922F81CC9002FB43D /* DTShareKit.framework in Frameworks */,
			);
			runOnlyForDeploymentPostprocessing = 0;
		};
/* End PBXFrameworksBuildPhase section */

/* Begin PBXGroup section */
		D858313222F81C54002FB43D = {
			isa = PBXGroup;
			children = (
				D858313D22F81C54002FB43D /* SocialDingTalk */,
				D858313C22F81C54002FB43D /* Products */,
				D858314A22F81CE8002FB43D /* Frameworks */,
			);
			sourceTree = "<group>";
		};
		D858313C22F81C54002FB43D /* Products */ = {
			isa = PBXGroup;
			children = (
				D858313B22F81C54002FB43D /* libSocialDingTalk.a */,
			);
			name = Products;
			sourceTree = "<group>";
		};
		D858313D22F81C54002FB43D /* SocialDingTalk */ = {
			isa = PBXGroup;
			children = (
				D858314722F81CC9002FB43D /* DingTalk */,
				D858313E22F81C54002FB43D /* OdinSocialDingTalkHandler.h */,
				D858313F22F81C54002FB43D /* OdinSocialDingTalkHandler.m */,
			);
			path = SocialDingTalk;
			sourceTree = "<group>";
		};
		D858314722F81CC9002FB43D /* DingTalk */ = {
			isa = PBXGroup;
			children = (
				D858314822F81CC9002FB43D /* DTShareKit.framework */,
			);
			path = DingTalk;
			sourceTree = "<group>";
		};
		D858314A22F81CE8002FB43D /* Frameworks */ = {
			isa = PBXGroup;
			children = (
				D858314B22F81CE8002FB43D /* OdinShareSDK.framework */,
			);
			name = Frameworks;
			sourceTree = "<group>";
		};
/* End PBXGroup section */

/* Begin PBXNativeTarget section */
		D858313A22F81C54002FB43D /* SocialDingTalk */ = {
			isa = PBXNativeTarget;
			buildConfigurationList = D858314422F81C54002FB43D /* Build configuration list for PBXNativeTarget "SocialDingTalk" */;
			buildPhases = (
				D858313722F81C54002FB43D /* Sources */,
				D858313822F81C54002FB43D /* Frameworks */,
				D858313922F81C54002FB43D /* CopyFiles */,
			);
			buildRules = (
			);
			dependencies = (
			);
			name = SocialDingTalk;
			productName = SocialDingTalk;
			productReference = D858313B22F81C54002FB43D /* libSocialDingTalk.a */;
			productType = "com.apple.product-type.library.static";
		};
/* End PBXNativeTarget section */

/* Begin PBXProject section */
		D858313322F81C54002FB43D /* Project object */ = {
			isa = PBXProject;
			attributes = {
				DefaultBuildSystemTypeForWorkspace = Original;
				LastUpgradeCheck = 1020;
				ORGANIZATIONNAME = odin;
				TargetAttributes = {
					D858313A22F81C54002FB43D = {
						CreatedOnToolsVersion = 10.2.1;
					};
				};
			};
			buildConfigurationList = D858313622F81C54002FB43D /* Build configuration list for PBXProject "SocialDingTalk" */;
			compatibilityVersion = "Xcode 9.3";
			developmentRegion = en;
			hasScannedForEncodings = 0;
			knownRegions = (
				en,
			);
			mainGroup = D858313222F81C54002FB43D;
			productRefGroup = D858313C22F81C54002FB43D /* Products */;
			projectDirPath = "";
			projectRoot = "";
			targets = (
				D858313A22F81C54002FB43D /* SocialDingTalk */,
			);
		};
/* End PBXProject section */

/* Begin PBXSourcesBuildPhase section */
		D858313722F81C54002FB43D /* Sources */ = {
			isa = PBXSourcesBuildPhase;
			buildActionMask = 2147483647;
			files = (
				D858314022F81C54002FB43D /* OdinSocialDingTalkHandler.m in Sources */,
			);
			runOnlyForDeploymentPostprocessing = 0;
		};
/* End PBXSourcesBuildPhase section */

/* Begin XCBuildConfiguration section */
		D858314222F81C54002FB43D /* Debug */ = {
			isa = XCBuildConfiguration;
			buildSettings = {
				ALWAYS_SEARCH_USER_PATHS = NO;
				CLANG_ANALYZER_NONNULL = YES;
				CLANG_ANALYZER_NUMBER_OBJECT_CONVERSION = YES_AGGRESSIVE;
				CLANG_CXX_LANGUAGE_STANDARD = "gnu++14";
				CLANG_CXX_LIBRARY = "libc++";
				CLANG_ENABLE_MODULES = YES;
				CLANG_ENABLE_OBJC_ARC = YES;
				CLANG_ENABLE_OBJC_WEAK = YES;
				CLANG_WARN_BLOCK_CAPTURE_AUTORELEASING = YES;
				CLANG_WARN_BOOL_CONVERSION = YES;
				CLANG_WARN_COMMA = YES;
				CLANG_WARN_CONSTANT_CONVERSION = YES;
				CLANG_WARN_DEPRECATED_OBJC_IMPLEMENTATIONS = YES;
				CLANG_WARN_DIRECT_OBJC_ISA_USAGE = YES_ERROR;
				CLANG_WARN_DOCUMENTATION_COMMENTS = YES;
				CLANG_WARN_EMPTY_BODY = YES;
				CLANG_WARN_ENUM_CONVERSION = YES;
				CLANG_WARN_INFINITE_RECURSION = YES;
				CLANG_WARN_INT_CONVERSION = YES;
				CLANG_WARN_NON_LITERAL_NULL_CONVERSION = YES;
				CLANG_WARN_OBJC_IMPLICIT_RETAIN_SELF = YES;
				CLANG_WARN_OBJC_LITERAL_CONVERSION = YES;
				CLANG_WARN_OBJC_ROOT_CLASS = YES_ERROR;
				CLANG_WARN_RANGE_LOOP_ANALYSIS = YES;
				CLANG_WARN_STRICT_PROTOTYPES = YES;
				CLANG_WARN_SUSPICIOUS_MOVE = YES;
				CLANG_WARN_UNGUARDED_AVAILABILITY = YES_AGGRESSIVE;
				CLANG_WARN_UNREACHABLE_CODE = YES;
				CLANG_WARN__DUPLICATE_METHOD_MATCH = YES;
				CODE_SIGN_IDENTITY = "iPhone Developer";
				COPY_PHASE_STRIP = NO;
				DEBUG_INFORMATION_FORMAT = dwarf;
				ENABLE_STRICT_OBJC_MSGSEND = YES;
				ENABLE_TESTABILITY = YES;
				GCC_C_LANGUAGE_STANDARD = gnu11;
				GCC_DYNAMIC_NO_PIC = NO;
				GCC_NO_COMMON_BLOCKS = YES;
				GCC_OPTIMIZATION_LEVEL = 0;
				GCC_PREPROCESSOR_DEFINITIONS = (
					"DEBUG=1",
					"$(inherited)",
				);
				GCC_WARN_64_TO_32_BIT_CONVERSION = YES;
				GCC_WARN_ABOUT_RETURN_TYPE = YES_ERROR;
				GCC_WARN_UNDECLARED_SELECTOR = YES;
				GCC_WARN_UNINITIALIZED_AUTOS = YES_AGGRESSIVE;
				GCC_WARN_UNUSED_FUNCTION = YES;
				GCC_WARN_UNUSED_VARIABLE = YES;
				IPHONEOS_DEPLOYMENT_TARGET = 8.0;
				MTL_ENABLE_DEBUG_INFO = INCLUDE_SOURCE;
				MTL_FAST_MATH = YES;
				ONLY_ACTIVE_ARCH = YES;
				SDKROOT = iphoneos;
			};
			name = Debug;
		};
		D858314322F81C54002FB43D /* Release */ = {
			isa = XCBuildConfiguration;
			buildSettings = {
				ALWAYS_SEARCH_USER_PATHS = NO;
				CLANG_ANALYZER_NONNULL = YES;
				CLANG_ANALYZER_NUMBER_OBJECT_CONVERSION = YES_AGGRESSIVE;
				CLANG_CXX_LANGUAGE_STANDARD = "gnu++14";
				CLANG_CXX_LIBRARY = "libc++";
				CLANG_ENABLE_MODULES = YES;
				CLANG_ENABLE_OBJC_ARC = YES;
				CLANG_ENABLE_OBJC_WEAK = YES;
				CLANG_WARN_BLOCK_CAPTURE_AUTORELEASING = YES;
				CLANG_WARN_BOOL_CONVERSION = YES;
				CLANG_WARN_COMMA = YES;
				CLANG_WARN_CONSTANT_CONVERSION = YES;
				CLANG_WARN_DEPRECATED_OBJC_IMPLEMENTATIONS = YES;
				CLANG_WARN_DIRECT_OBJC_ISA_USAGE = YES_ERROR;
				CLANG_WARN_DOCUMENTATION_COMMENTS = YES;
				CLANG_WARN_EMPTY_BODY = YES;
				CLANG_WARN_ENUM_CONVERSION = YES;
				CLANG_WARN_INFINITE_RECURSION = YES;
				CLANG_WARN_INT_CONVERSION = YES;
				CLANG_WARN_NON_LITERAL_NULL_CONVERSION = YES;
				CLANG_WARN_OBJC_IMPLICIT_RETAIN_SELF = YES;
				CLANG_WARN_OBJC_LITERAL_CONVERSION = YES;
				CLANG_WARN_OBJC_ROOT_CLASS = YES_ERROR;
				CLANG_WARN_RANGE_LOOP_ANALYSIS = YES;
				CLANG_WARN_STRICT_PROTOTYPES = YES;
				CLANG_WARN_SUSPICIOUS_MOVE = YES;
				CLANG_WARN_UNGUARDED_AVAILABILITY = YES_AGGRESSIVE;
				CLANG_WARN_UNREACHABLE_CODE = YES;
				CLANG_WARN__DUPLICATE_METHOD_MATCH = YES;
				CODE_SIGN_IDENTITY = "iPhone Developer";
				COPY_PHASE_STRIP = NO;
				DEBUG_INFORMATION_FORMAT = "dwarf-with-dsym";
				ENABLE_NS_ASSERTIONS = NO;
				ENABLE_STRICT_OBJC_MSGSEND = YES;
				GCC_C_LANGUAGE_STANDARD = gnu11;
				GCC_NO_COMMON_BLOCKS = YES;
				GCC_WARN_64_TO_32_BIT_CONVERSION = YES;
				GCC_WARN_ABOUT_RETURN_TYPE = YES_ERROR;
				GCC_WARN_UNDECLARED_SELECTOR = YES;
				GCC_WARN_UNINITIALIZED_AUTOS = YES_AGGRESSIVE;
				GCC_WARN_UNUSED_FUNCTION = YES;
				GCC_WARN_UNUSED_VARIABLE = YES;
				IPHONEOS_DEPLOYMENT_TARGET = 8.0;
				MTL_ENABLE_DEBUG_INFO = NO;
				MTL_FAST_MATH = YES;
				SDKROOT = iphoneos;
				VALIDATE_PRODUCT = YES;
			};
			name = Release;
		};
		D858314522F81C54002FB43D /* Debug */ = {
			isa = XCBuildConfiguration;
			buildSettings = {
				CODE_SIGN_STYLE = Automatic;
				DEVELOPMENT_TEAM = TVSH9W54D7;
				FRAMEWORK_SEARCH_PATHS = (
					"$(inherited)",
					"$(PROJECT_DIR)/SocialDingTalk/DingTalk",
				);
				OTHER_LDFLAGS = "-ObjC";
				PRODUCT_NAME = "$(TARGET_NAME)";
				SKIP_INSTALL = YES;
				TARGETED_DEVICE_FAMILY = "1,2";
			};
			name = Debug;
		};
		D858314622F81C54002FB43D /* Release */ = {
			isa = XCBuildConfiguration;
			buildSettings = {
				CODE_SIGN_STYLE = Automatic;
				DEVELOPMENT_TEAM = TVSH9W54D7;
				FRAMEWORK_SEARCH_PATHS = (
					"$(inherited)",
					"$(PROJECT_DIR)/SocialDingTalk/DingTalk",
				);
				OTHER_LDFLAGS = "-ObjC";
				PRODUCT_NAME = "$(TARGET_NAME)";
				SKIP_INSTALL = YES;
				TARGETED_DEVICE_FAMILY = "1,2";
			};
			name = Release;
		};
/* End XCBuildConfiguration section */

/* Begin XCConfigurationList section */
		D858313622F81C54002FB43D /* Build configuration list for PBXProject "SocialDingTalk" */ = {
			isa = XCConfigurationList;
			buildConfigurations = (
				D858314222F81C54002FB43D /* Debug */,
				D858314322F81C54002FB43D /* Release */,
			);
			defaultConfigurationIsVisible = 0;
			defaultConfigurationName = Release;
		};
		D858314422F81C54002FB43D /* Build configuration list for PBXNativeTarget "SocialDingTalk" */ = {
			isa = XCConfigurationList;
			buildConfigurations = (
				D858314522F81C54002FB43D /* Debug */,
				D858314622F81C54002FB43D /* Release */,
			);
			defaultConfigurationIsVisible = 0;
			defaultConfigurationName = Release;
		};
/* End XCConfigurationList section */
	};
	rootObject = D858313322F81C54002FB43D /* Project object */;
}
