// !$*UTF8*$!
{
	archiveVersion = 1;
	classes = {
	};
	objectVersion = 50;
	objects = {

/* Begin PBXBuildFile section */
		D83B95762264292000B7CD63 /* OdinSocialFacebookHandler.m in Sources */ = {isa = PBXBuildFile; fileRef = D83B95742264291F00B7CD63 /* OdinSocialFacebookHandler.m */; };
		D83B95792264293900B7CD63 /* OdinShareSDK.framework in Frameworks */ = {isa = PBXBuildFile; fileRef = D83B95782264293900B7CD63 /* OdinShareSDK.framework */; };
		D89CEB4F226EB17E00FC4006 /* OdinSocialFacebookHandler.h in CopyFiles */ = {isa = PBXBuildFile; fileRef = D83B95752264292000B7CD63 /* OdinSocialFacebookHandler.h */; };
/* End PBXBuildFile section */

/* Begin PBXCopyFilesBuildPhase section */
		D83B95662264287900B7CD63 /* CopyFiles */ = {
			isa = PBXCopyFilesBuildPhase;
			buildActionMask = 2147483647;
			dstPath = "include/$(PRODUCT_NAME)";
			dstSubfolderSpec = 16;
			files = (
				D89CEB4F226EB17E00FC4006 /* OdinSocialFacebookHandler.h in CopyFiles */,
			);
			runOnlyForDeploymentPostprocessing = 0;
		};
/* End PBXCopyFilesBuildPhase section */

/* Begin PBXFileReference section */
		D83B95682264287900B7CD63 /* libSocialFacebook.a */ = {isa = PBXFileReference; explicitFileType = archive.ar; includeInIndex = 0; path = libSocialFacebook.a; sourceTree = BUILT_PRODUCTS_DIR; };
		D83B95742264291F00B7CD63 /* OdinSocialFacebookHandler.m */ = {isa = PBXFileReference; fileEncoding = 4; lastKnownFileType = sourcecode.c.objc; path = OdinSocialFacebookHandler.m; sourceTree = "<group>"; };
		D83B95752264292000B7CD63 /* OdinSocialFacebookHandler.h */ = {isa = PBXFileReference; fileEncoding = 4; lastKnownFileType = sourcecode.c.h; path = OdinSocialFacebookHandler.h; sourceTree = "<group>"; };
		D83B95782264293900B7CD63 /* OdinShareSDK.framework */ = {isa = PBXFileReference; explicitFileType = wrapper.framework; path = OdinShareSDK.framework; sourceTree = BUILT_PRODUCTS_DIR; };
		D83B957B22647E8000B7CD63 /* FBSDKShareKit.framework */ = {isa = PBXFileReference; lastKnownFileType = wrapper.framework; path = FBSDKShareKit.framework; sourceTree = "<group>"; };
		D83B957C22647E8000B7CD63 /* FBSDKCoreKit.framework */ = {isa = PBXFileReference; lastKnownFileType = wrapper.framework; path = FBSDKCoreKit.framework; sourceTree = "<group>"; };
		D89CEB752272DAA900FC4006 /* FBSDKLoginKit.framework */ = {isa = PBXFileReference; lastKnownFileType = wrapper.framework; path = FBSDKLoginKit.framework; sourceTree = "<group>"; };
/* End PBXFileReference section */

/* Begin PBXFrameworksBuildPhase section */
		D83B95652264287900B7CD63 /* Frameworks */ = {
			isa = PBXFrameworksBuildPhase;
			buildActionMask = 2147483647;
			files = (
				D83B95792264293900B7CD63 /* OdinShareSDK.framework in Frameworks */,
			);
			runOnlyForDeploymentPostprocessing = 0;
		};
/* End PBXFrameworksBuildPhase section */

/* Begin PBXGroup section */
		D83B955F2264287900B7CD63 = {
			isa = PBXGroup;
			children = (
				D83B956A2264287900B7CD63 /* SocialFacebook */,
				D83B95692264287900B7CD63 /* Products */,
				D83B95772264293900B7CD63 /* Frameworks */,
			);
			sourceTree = "<group>";
		};
		D83B95692264287900B7CD63 /* Products */ = {
			isa = PBXGroup;
			children = (
				D83B95682264287900B7CD63 /* libSocialFacebook.a */,
			);
			name = Products;
			sourceTree = "<group>";
		};
		D83B956A2264287900B7CD63 /* SocialFacebook */ = {
			isa = PBXGroup;
			children = (
				D83B957A22647E8000B7CD63 /* FacebookShare */,
				D83B95752264292000B7CD63 /* OdinSocialFacebookHandler.h */,
				D83B95742264291F00B7CD63 /* OdinSocialFacebookHandler.m */,
			);
			path = SocialFacebook;
			sourceTree = "<group>";
		};
		D83B95772264293900B7CD63 /* Frameworks */ = {
			isa = PBXGroup;
			children = (
				D83B95782264293900B7CD63 /* OdinShareSDK.framework */,
			);
			name = Frameworks;
			sourceTree = "<group>";
		};
		D83B957A22647E8000B7CD63 /* FacebookShare */ = {
			isa = PBXGroup;
			children = (
				D89CEB752272DAA900FC4006 /* FBSDKLoginKit.framework */,
				D83B957B22647E8000B7CD63 /* FBSDKShareKit.framework */,
				D83B957C22647E8000B7CD63 /* FBSDKCoreKit.framework */,
			);
			path = FacebookShare;
			sourceTree = "<group>";
		};
/* End PBXGroup section */

/* Begin PBXNativeTarget section */
		D83B95672264287900B7CD63 /* SocialFacebook */ = {
			isa = PBXNativeTarget;
			buildConfigurationList = D83B95712264287900B7CD63 /* Build configuration list for PBXNativeTarget "SocialFacebook" */;
			buildPhases = (
				D83B95642264287900B7CD63 /* Sources */,
				D83B95652264287900B7CD63 /* Frameworks */,
				D83B95662264287900B7CD63 /* CopyFiles */,
			);
			buildRules = (
			);
			dependencies = (
			);
			name = SocialFacebook;
			productName = SocialFacebook;
			productReference = D83B95682264287900B7CD63 /* libSocialFacebook.a */;
			productType = "com.apple.product-type.library.static";
		};
/* End PBXNativeTarget section */

/* Begin PBXProject section */
		D83B95602264287900B7CD63 /* Project object */ = {
			isa = PBXProject;
			attributes = {
				DefaultBuildSystemTypeForWorkspace = Original;
				LastUpgradeCheck = 1020;
				ORGANIZATIONNAME = Odin;
				TargetAttributes = {
					D83B95672264287900B7CD63 = {
						CreatedOnToolsVersion = 10.2;
					};
				};
			};
			buildConfigurationList = D83B95632264287900B7CD63 /* Build configuration list for PBXProject "SocialFacebook" */;
			compatibilityVersion = "Xcode 9.3";
			developmentRegion = en;
			hasScannedForEncodings = 0;
			knownRegions = (
				en,
			);
			mainGroup = D83B955F2264287900B7CD63;
			productRefGroup = D83B95692264287900B7CD63 /* Products */;
			projectDirPath = "";
			projectRoot = "";
			targets = (
				D83B95672264287900B7CD63 /* SocialFacebook */,
			);
		};
/* End PBXProject section */

/* Begin PBXSourcesBuildPhase section */
		D83B95642264287900B7CD63 /* Sources */ = {
			isa = PBXSourcesBuildPhase;
			buildActionMask = 2147483647;
			files = (
				D83B95762264292000B7CD63 /* OdinSocialFacebookHandler.m in Sources */,
			);
			runOnlyForDeploymentPostprocessing = 0;
		};
/* End PBXSourcesBuildPhase section */

/* Begin XCBuildConfiguration section */
		D83B956F2264287900B7CD63 /* Debug */ = {
			isa = XCBuildConfiguration;
			buildSettings = {
				ALWAYS_SEARCH_USER_PATHS = NO;
				CLANG_ANALYZER_NONNULL = YES;
				CLANG_ANALYZER_NUMBER_OBJECT_CONVERSION = YES_AGGRESSIVE;
				CLANG_CXX_LANGUAGE_STANDARD = "gnu++14";
				CLANG_CXX_LIBRARY = "libc++";
				CLANG_ENABLE_MODULES = YES;
				CLANG_ENABLE_OBJC_ARC = YES;
				CLANG_ENABLE_OBJC_WEAK = YES;
				CLANG_WARN_BLOCK_CAPTURE_AUTORELEASING = YES;
				CLANG_WARN_BOOL_CONVERSION = YES;
				CLANG_WARN_COMMA = YES;
				CLANG_WARN_CONSTANT_CONVERSION = YES;
				CLANG_WARN_DEPRECATED_OBJC_IMPLEMENTATIONS = YES;
				CLANG_WARN_DIRECT_OBJC_ISA_USAGE = YES_ERROR;
				CLANG_WARN_DOCUMENTATION_COMMENTS = YES;
				CLANG_WARN_EMPTY_BODY = YES;
				CLANG_WARN_ENUM_CONVERSION = YES;
				CLANG_WARN_INFINITE_RECURSION = YES;
				CLANG_WARN_INT_CONVERSION = YES;
				CLANG_WARN_NON_LITERAL_NULL_CONVERSION = YES;
				CLANG_WARN_OBJC_IMPLICIT_RETAIN_SELF = YES;
				CLANG_WARN_OBJC_LITERAL_CONVERSION = YES;
				CLANG_WARN_OBJC_ROOT_CLASS = YES_ERROR;
				CLANG_WARN_RANGE_LOOP_ANALYSIS = YES;
				CLANG_WARN_STRICT_PROTOTYPES = YES;
				CLANG_WARN_SUSPICIOUS_MOVE = YES;
				CLANG_WARN_UNGUARDED_AVAILABILITY = YES_AGGRESSIVE;
				CLANG_WARN_UNREACHABLE_CODE = YES;
				CLANG_WARN__DUPLICATE_METHOD_MATCH = YES;
				CODE_SIGN_IDENTITY = "iPhone Developer";
				COPY_PHASE_STRIP = NO;
				DEBUG_INFORMATION_FORMAT = dwarf;
				ENABLE_STRICT_OBJC_MSGSEND = YES;
				ENABLE_TESTABILITY = YES;
				GCC_C_LANGUAGE_STANDARD = gnu11;
				GCC_DYNAMIC_NO_PIC = NO;
				GCC_NO_COMMON_BLOCKS = YES;
				GCC_OPTIMIZATION_LEVEL = 0;
				GCC_PREPROCESSOR_DEFINITIONS = (
					"DEBUG=1",
					"$(inherited)",
				);
				GCC_WARN_64_TO_32_BIT_CONVERSION = YES;
				GCC_WARN_ABOUT_RETURN_TYPE = YES_ERROR;
				GCC_WARN_UNDECLARED_SELECTOR = YES;
				GCC_WARN_UNINITIALIZED_AUTOS = YES_AGGRESSIVE;
				GCC_WARN_UNUSED_FUNCTION = YES;
				GCC_WARN_UNUSED_VARIABLE = YES;
				IPHONEOS_DEPLOYMENT_TARGET = 10.0;
				MTL_ENABLE_DEBUG_INFO = INCLUDE_SOURCE;
				MTL_FAST_MATH = YES;
				ONLY_ACTIVE_ARCH = YES;
				SDKROOT = iphoneos;
			};
			name = Debug;
		};
		D83B95702264287900B7CD63 /* Release */ = {
			isa = XCBuildConfiguration;
			buildSettings = {
				ALWAYS_SEARCH_USER_PATHS = NO;
				CLANG_ANALYZER_NONNULL = YES;
				CLANG_ANALYZER_NUMBER_OBJECT_CONVERSION = YES_AGGRESSIVE;
				CLANG_CXX_LANGUAGE_STANDARD = "gnu++14";
				CLANG_CXX_LIBRARY = "libc++";
				CLANG_ENABLE_MODULES = YES;
				CLANG_ENABLE_OBJC_ARC = YES;
				CLANG_ENABLE_OBJC_WEAK = YES;
				CLANG_WARN_BLOCK_CAPTURE_AUTORELEASING = YES;
				CLANG_WARN_BOOL_CONVERSION = YES;
				CLANG_WARN_COMMA = YES;
				CLANG_WARN_CONSTANT_CONVERSION = YES;
				CLANG_WARN_DEPRECATED_OBJC_IMPLEMENTATIONS = YES;
				CLANG_WARN_DIRECT_OBJC_ISA_USAGE = YES_ERROR;
				CLANG_WARN_DOCUMENTATION_COMMENTS = YES;
				CLANG_WARN_EMPTY_BODY = YES;
				CLANG_WARN_ENUM_CONVERSION = YES;
				CLANG_WARN_INFINITE_RECURSION = YES;
				CLANG_WARN_INT_CONVERSION = YES;
				CLANG_WARN_NON_LITERAL_NULL_CONVERSION = YES;
				CLANG_WARN_OBJC_IMPLICIT_RETAIN_SELF = YES;
				CLANG_WARN_OBJC_LITERAL_CONVERSION = YES;
				CLANG_WARN_OBJC_ROOT_CLASS = YES_ERROR;
				CLANG_WARN_RANGE_LOOP_ANALYSIS = YES;
				CLANG_WARN_STRICT_PROTOTYPES = YES;
				CLANG_WARN_SUSPICIOUS_MOVE = YES;
				CLANG_WARN_UNGUARDED_AVAILABILITY = YES_AGGRESSIVE;
				CLANG_WARN_UNREACHABLE_CODE = YES;
				CLANG_WARN__DUPLICATE_METHOD_MATCH = YES;
				CODE_SIGN_IDENTITY = "iPhone Developer";
				COPY_PHASE_STRIP = NO;
				DEBUG_INFORMATION_FORMAT = "dwarf-with-dsym";
				ENABLE_NS_ASSERTIONS = NO;
				ENABLE_STRICT_OBJC_MSGSEND = YES;
				GCC_C_LANGUAGE_STANDARD = gnu11;
				GCC_NO_COMMON_BLOCKS = YES;
				GCC_WARN_64_TO_32_BIT_CONVERSION = YES;
				GCC_WARN_ABOUT_RETURN_TYPE = YES_ERROR;
				GCC_WARN_UNDECLARED_SELECTOR = YES;
				GCC_WARN_UNINITIALIZED_AUTOS = YES_AGGRESSIVE;
				GCC_WARN_UNUSED_FUNCTION = YES;
				GCC_WARN_UNUSED_VARIABLE = YES;
				IPHONEOS_DEPLOYMENT_TARGET = 10.0;
				MTL_ENABLE_DEBUG_INFO = NO;
				MTL_FAST_MATH = YES;
				SDKROOT = iphoneos;
				VALIDATE_PRODUCT = YES;
			};
			name = Release;
		};
		D83B95722264287900B7CD63 /* Debug */ = {
			isa = XCBuildConfiguration;
			buildSettings = {
				CODE_SIGN_STYLE = Automatic;
				DEVELOPMENT_TEAM = TVSH9W54D7;
				FRAMEWORK_SEARCH_PATHS = (
					"$(inherited)",
					"$(PROJECT_DIR)/SocialFacebook/FacebookShare",
				);
				OTHER_LDFLAGS = "-ObjC";
				PRODUCT_NAME = "$(TARGET_NAME)";
				SKIP_INSTALL = YES;
				TARGETED_DEVICE_FAMILY = "1,2";
			};
			name = Debug;
		};
		D83B95732264287900B7CD63 /* Release */ = {
			isa = XCBuildConfiguration;
			buildSettings = {
				CODE_SIGN_STYLE = Automatic;
				DEVELOPMENT_TEAM = TVSH9W54D7;
				FRAMEWORK_SEARCH_PATHS = (
					"$(inherited)",
					"$(PROJECT_DIR)/SocialFacebook/FacebookShare",
				);
				OTHER_LDFLAGS = "-ObjC";
				PRODUCT_NAME = "$(TARGET_NAME)";
				SKIP_INSTALL = YES;
				TARGETED_DEVICE_FAMILY = "1,2";
			};
			name = Release;
		};
/* End XCBuildConfiguration section */

/* Begin XCConfigurationList section */
		D83B95632264287900B7CD63 /* Build configuration list for PBXProject "SocialFacebook" */ = {
			isa = XCConfigurationList;
			buildConfigurations = (
				D83B956F2264287900B7CD63 /* Debug */,
				D83B95702264287900B7CD63 /* Release */,
			);
			defaultConfigurationIsVisible = 0;
			defaultConfigurationName = Release;
		};
		D83B95712264287900B7CD63 /* Build configuration list for PBXNativeTarget "SocialFacebook" */ = {
			isa = XCConfigurationList;
			buildConfigurations = (
				D83B95722264287900B7CD63 /* Debug */,
				D83B95732264287900B7CD63 /* Release */,
			);
			defaultConfigurationIsVisible = 0;
			defaultConfigurationName = Release;
		};
/* End XCConfigurationList section */
	};
	rootObject = D83B95602264287900B7CD63 /* Project object */;
}
